
Microsoft Visual Studio Solution File, Format Version 12.00
# Visual Studio Version 17
VisualStudioVersion = 17.10.35122.118
MinimumVisualStudioVersion = 10.0.40219.1
Project("{FAE04EC0-301F-11D3-BF4B-00C04F79EFBC}") = "JiraTicket", "JiraTicket\JiraTicket.csproj", "{634B9983-616B-42B9-8E3E-F3261E4328C7}"
EndProject
Global
	GlobalSection(SolutionConfigurationPlatforms) = preSolution
		Debug|Any CPU = Debug|Any CPU
		Release|Any CPU = Release|Any CPU
	EndGlobalSection
	GlobalSection(ProjectConfigurationPlatforms) = postSolution
		{634B9983-616B-42B9-8E3E-F3261E4328C7}.Debug|Any CPU.ActiveCfg = Debug|Any CPU
		{634B9983-616B-42B9-8E3E-F3261E4328C7}.Debug|Any CPU.Build.0 = Debug|Any CPU
		{634B9983-616B-42B9-8E3E-F3261E4328C7}.Release|Any CPU.ActiveCfg = Release|Any CPU
		{634B9983-616B-42B9-8E3E-F3261E4328C7}.Release|Any CPU.Build.0 = Release|Any CPU
	EndGlobalSection
	GlobalSection(SolutionProperties) = preSolution
		HideSolutionNode = FALSE
	EndGlobalSection
	GlobalSection(ExtensibilityGlobals) = postSolution
		SolutionGuid = {61F4E638-65C0-4B28-9C53-A62235A3715C}
	EndGlobalSection
EndGlobal
